
Microsoft Visual Studio Solution File, Format Version 12.00
# Visual Studio Version 17
VisualStudioVersion = 17.10.34916.146
MinimumVisualStudioVersion = 10.0.40219.1
Project("{E24C65DC-7377-472B-9ABA-BC803B73C61A}") = "WCFServiceApp", "WCFServiceApp\", "{CB3EB160-8DF4-4A15-9C94-4FE4DBA60198}"
	ProjectSection(WebsiteProperties) = preProject
		TargetFrameworkMoniker = ".NETFramework,Version%3Dv4.7.2"
		Debug.AspNetCompiler.VirtualPath = "/localhost_53273"
		Debug.AspNetCompiler.PhysicalPath = "WCFServiceApp\"
		Debug.AspNetCompiler.TargetPath = "PrecompiledWeb\localhost_53273\"
		Debug.AspNetCompiler.Updateable = "true"
		Debug.AspNetCompiler.ForceOverwrite = "true"
		Debug.AspNetCompiler.FixedNames = "false"
		Debug.AspNetCompiler.Debug = "True"
		Release.AspNetCompiler.VirtualPath = "/localhost_53273"
		Release.AspNetCompiler.PhysicalPath = "WCFServiceApp\"
		Release.AspNetCompiler.TargetPath = "PrecompiledWeb\localhost_53273\"
		Release.AspNetCompiler.Updateable = "true"
		Release.AspNetCompiler.ForceOverwrite = "true"
		Release.AspNetCompiler.FixedNames = "false"
		Release.AspNetCompiler.Debug = "False"
		VWDPort = "53273"
		SlnRelativePath = "WCFServiceApp\"
		DefaultWebSiteLanguage = "Visual C#"
	EndProjectSection
EndProject
Global
	GlobalSection(SolutionConfigurationPlatforms) = preSolution
		Debug|Any CPU = Debug|Any CPU
		Release|Any CPU = Release|Any CPU
	EndGlobalSection
	GlobalSection(ProjectConfigurationPlatforms) = postSolution
		{CB3EB160-8DF4-4A15-9C94-4FE4DBA60198}.Debug|Any CPU.ActiveCfg = Debug|Any CPU
		{CB3EB160-8DF4-4A15-9C94-4FE4DBA60198}.Debug|Any CPU.Build.0 = Debug|Any CPU
		{CB3EB160-8DF4-4A15-9C94-4FE4DBA60198}.Release|Any CPU.ActiveCfg = Debug|Any CPU
		{CB3EB160-8DF4-4A15-9C94-4FE4DBA60198}.Release|Any CPU.Build.0 = Debug|Any CPU
	EndGlobalSection
	GlobalSection(SolutionProperties) = preSolution
		HideSolutionNode = FALSE
	EndGlobalSection
	GlobalSection(ExtensibilityGlobals) = postSolution
		SolutionGuid = {D3418A5D-8E30-488D-BAA9-56CD26536A5F}
	EndGlobalSection
EndGlobal
